
Microsoft Visual Studio Solution File, Format Version 12.00
# Visual Studio Version 17
VisualStudioVersion = 17.2.32519.379
MinimumVisualStudioVersion = 10.0.40219.1
Project("{9A19103F-16F7-4668-BE54-9A1E7A4F7556}") = "AddressBookRestsharp", "AddressBookRestsharp.csproj", "{92F91941-9DC9-4E13-AAD0-ABD2ED3D7C8D}"
EndProject
Project("{FAE04EC0-301F-11D3-BF4B-00C04F79EFBC}") = "AddressBookTest", "..\AddressBookTest\AddressBookTest.csproj", "{35B39D4D-6309-4207-8541-C19173B742E6}"
EndProject
Global
	GlobalSection(SolutionConfigurationPlatforms) = preSolution
		Debug|Any CPU = Debug|Any CPU
		Release|Any CPU = Release|Any CPU
	EndGlobalSection
	GlobalSection(ProjectConfigurationPlatforms) = postSolution
		{92F91941-9DC9-4E13-AAD0-ABD2ED3D7C8D}.Debug|Any CPU.ActiveCfg = Debug|Any CPU
		{92F91941-9DC9-4E13-AAD0-ABD2ED3D7C8D}.Debug|Any CPU.Build.0 = Debug|Any CPU
		{92F91941-9DC9-4E13-AAD0-ABD2ED3D7C8D}.Release|Any CPU.ActiveCfg = Release|Any CPU
		{92F91941-9DC9-4E13-AAD0-ABD2ED3D7C8D}.Release|Any CPU.Build.0 = Release|Any CPU
		{35B39D4D-6309-4207-8541-C19173B742E6}.Debug|Any CPU.ActiveCfg = Debug|Any CPU
		{35B39D4D-6309-4207-8541-C19173B742E6}.Debug|Any CPU.Build.0 = Debug|Any CPU
		{35B39D4D-6309-4207-8541-C19173B742E6}.Release|Any CPU.ActiveCfg = Release|Any CPU
		{35B39D4D-6309-4207-8541-C19173B742E6}.Release|Any CPU.Build.0 = Release|Any CPU
	EndGlobalSection
	GlobalSection(SolutionProperties) = preSolution
		HideSolutionNode = FALSE
	EndGlobalSection
	GlobalSection(ExtensibilityGlobals) = postSolution
		SolutionGuid = {D8BA419B-56A6-42C1-8E67-113A0B125F44}
	EndGlobalSection
EndGlobal
